
Microsoft Visual Studio Solution File, Format Version 12.00
# Visual Studio Version 17
VisualStudioVersion = 17.3.32929.385
MinimumVisualStudioVersion = 10.0.40219.1
Project("{FAE04EC0-301F-11D3-BF4B-00C04F79EFBC}") = "Livraria", "Livraria\Livraria.csproj", "{7584E611-EFAB-4469-ACA6-2F666130C720}"
EndProject
Project("{FAE04EC0-301F-11D3-BF4B-00C04F79EFBC}") = "Livraria.Application", "Livraria.Application\Livraria.Application.csproj", "{78275BAE-DBD4-454E-9B87-16E2B8C96DF3}"
EndProject
Project("{FAE04EC0-301F-11D3-BF4B-00C04F79EFBC}") = "Livraria.Domain", "Livraria.Domain\Livraria.Domain.csproj", "{CA2D268D-16CA-4377-BD9B-91A95AC36B1C}"
EndProject
Project("{FAE04EC0-301F-11D3-BF4B-00C04F79EFBC}") = "Livraria.Persistence", "Livraria.Persistence\Livraria.Persistence.csproj", "{9393D723-4A2F-491C-8681-C49965384B37}"
EndProject
Global
	GlobalSection(SolutionConfigurationPlatforms) = preSolution
		Debug|Any CPU = Debug|Any CPU
		Release|Any CPU = Release|Any CPU
	EndGlobalSection
	GlobalSection(ProjectConfigurationPlatforms) = postSolution
		{7584E611-EFAB-4469-ACA6-2F666130C720}.Debug|Any CPU.ActiveCfg = Debug|Any CPU
		{7584E611-EFAB-4469-ACA6-2F666130C720}.Debug|Any CPU.Build.0 = Debug|Any CPU
		{7584E611-EFAB-4469-ACA6-2F666130C720}.Release|Any CPU.ActiveCfg = Release|Any CPU
		{7584E611-EFAB-4469-ACA6-2F666130C720}.Release|Any CPU.Build.0 = Release|Any CPU
		{78275BAE-DBD4-454E-9B87-16E2B8C96DF3}.Debug|Any CPU.ActiveCfg = Debug|Any CPU
		{78275BAE-DBD4-454E-9B87-16E2B8C96DF3}.Debug|Any CPU.Build.0 = Debug|Any CPU
		{78275BAE-DBD4-454E-9B87-16E2B8C96DF3}.Release|Any CPU.ActiveCfg = Release|Any CPU
		{78275BAE-DBD4-454E-9B87-16E2B8C96DF3}.Release|Any CPU.Build.0 = Release|Any CPU
		{CA2D268D-16CA-4377-BD9B-91A95AC36B1C}.Debug|Any CPU.ActiveCfg = Debug|Any CPU
		{CA2D268D-16CA-4377-BD9B-91A95AC36B1C}.Debug|Any CPU.Build.0 = Debug|Any CPU
		{CA2D268D-16CA-4377-BD9B-91A95AC36B1C}.Release|Any CPU.ActiveCfg = Release|Any CPU
		{CA2D268D-16CA-4377-BD9B-91A95AC36B1C}.Release|Any CPU.Build.0 = Release|Any CPU
		{9393D723-4A2F-491C-8681-C49965384B37}.Debug|Any CPU.ActiveCfg = Debug|Any CPU
		{9393D723-4A2F-491C-8681-C49965384B37}.Debug|Any CPU.Build.0 = Debug|Any CPU
		{9393D723-4A2F-491C-8681-C49965384B37}.Release|Any CPU.ActiveCfg = Release|Any CPU
		{9393D723-4A2F-491C-8681-C49965384B37}.Release|Any CPU.Build.0 = Release|Any CPU
	EndGlobalSection
	GlobalSection(SolutionProperties) = preSolution
		HideSolutionNode = FALSE
	EndGlobalSection
	GlobalSection(ExtensibilityGlobals) = postSolution
		SolutionGuid = {2DD636ED-3914-403F-990B-637109A29890}
	EndGlobalSection
EndGlobal
